
Microsoft Visual Studio Solution File, Format Version 12.00
# Visual Studio 16
VisualStudioVersion = 15.0.27130.2036
MinimumVisualStudioVersion = 10.0.40219.1
Project("{FAE04EC0-301F-11D3-BF4B-00C04F79EFBC}") = "WcfService1", "WcfService1\WcfService1.csproj", "{9BAF14E2-8A82-43C2-87ED-6BBF5A8FA634}"
EndProject
Global
	GlobalSection(SolutionConfigurationPlatforms) = preSolution
		Debug|Any CPU = Debug|Any CPU
		Release|Any CPU = Release|Any CPU
	EndGlobalSection
	GlobalSection(ProjectConfigurationPlatforms) = postSolution
		{9BAF14E2-8A82-43C2-87ED-6BBF5A8FA634}.Debug|Any CPU.ActiveCfg = Debug|Any CPU
		{9BAF14E2-8A82-43C2-87ED-6BBF5A8FA634}.Debug|Any CPU.Build.0 = Debug|Any CPU
		{9BAF14E2-8A82-43C2-87ED-6BBF5A8FA634}.Release|Any CPU.ActiveCfg = Release|Any CPU
		{9BAF14E2-8A82-43C2-87ED-6BBF5A8FA634}.Release|Any CPU.Build.0 = Release|Any CPU
	EndGlobalSection
	GlobalSection(SolutionProperties) = preSolution
		HideSolutionNode = FALSE
	EndGlobalSection
	GlobalSection(ExtensibilityGlobals) = postSolution
		SolutionGuid = {956BADD1-2FD8-40F2-8E3B-E9C4FE760309}
	EndGlobalSection
EndGlobal
